
Microsoft Visual Studio Solution File, Format Version 12.00
# Visual Studio 15
VisualStudioVersion = 15.0.27428.2037
MinimumVisualStudioVersion = 10.0.40219.1
Project("{FAE04EC0-301F-11D3-BF4B-00C04F79EFBC}") = "Keycorder GUI", "Keycorder GUI\Keycorder GUI.csproj", "{88D0BE25-D223-4115-B65F-41EB48D0036A}"
EndProject
Global
	GlobalSection(SolutionConfigurationPlatforms) = preSolution
		Debug|Any CPU = Debug|Any CPU
		Release|Any CPU = Release|Any CPU
	EndGlobalSection
	GlobalSection(ProjectConfigurationPlatforms) = postSolution
		{88D0BE25-D223-4115-B65F-41EB48D0036A}.Debug|Any CPU.ActiveCfg = Debug|Any CPU
		{88D0BE25-D223-4115-B65F-41EB48D0036A}.Debug|Any CPU.Build.0 = Debug|Any CPU
		{88D0BE25-D223-4115-B65F-41EB48D0036A}.Release|Any CPU.ActiveCfg = Release|Any CPU
		{88D0BE25-D223-4115-B65F-41EB48D0036A}.Release|Any CPU.Build.0 = Release|Any CPU
	EndGlobalSection
	GlobalSection(SolutionProperties) = preSolution
		HideSolutionNode = FALSE
	EndGlobalSection
	GlobalSection(ExtensibilityGlobals) = postSolution
		SolutionGuid = {B95B1E72-4BF7-449E-951C-FAF8B64897F3}
	EndGlobalSection
EndGlobal
